<?xml version="1.0" encoding="utf-8"?>
<Project ToolsVersion="16.0" xmlns="http://schemas.microsoft.com/developer/msbuild/2003">
  <ItemGroup>
    <CustomBuild Include="C:\Users\e438262\dev\sandbox\image_service\vs\CMakeFiles\4ca413da1aa099de514f0e780db8d363\generate.stamp.rule">
      <Filter>CMake Rules</Filter>
    </CustomBuild>
  </ItemGroup>
  <ItemGroup>
    <Filter Include="CMake Rules">
      <UniqueIdentifier>{F8409A2F-BA48-3048-BAF7-58535632A0C8}</UniqueIdentifier>
    </Filter>
  </ItemGroup>
</Project>
